
Microsoft Visual Studio Solution File, Format Version 12.00
# Visual Studio Version 17
VisualStudioVersion = 17.3.32825.248
MinimumVisualStudioVersion = 10.0.40219.1
Project("{FAE04EC0-301F-11D3-BF4B-00C04F79EFBC}") = "SolarBattery", "SolarBattery\SolarBattery.csproj", "{849E44AD-74B1-4407-935D-6DB9713F5326}"
EndProject
Global
	GlobalSection(SolutionConfigurationPlatforms) = preSolution
		Debug|Any CPU = Debug|Any CPU
		Release|Any CPU = Release|Any CPU
	EndGlobalSection
	GlobalSection(ProjectConfigurationPlatforms) = postSolution
		{849E44AD-74B1-4407-935D-6DB9713F5326}.Debug|Any CPU.ActiveCfg = Debug|Any CPU
		{849E44AD-74B1-4407-935D-6DB9713F5326}.Debug|Any CPU.Build.0 = Debug|Any CPU
		{849E44AD-74B1-4407-935D-6DB9713F5326}.Release|Any CPU.ActiveCfg = Release|Any CPU
		{849E44AD-74B1-4407-935D-6DB9713F5326}.Release|Any CPU.Build.0 = Release|Any CPU
	EndGlobalSection
	GlobalSection(SolutionProperties) = preSolution
		HideSolutionNode = FALSE
	EndGlobalSection
	GlobalSection(ExtensibilityGlobals) = postSolution
		SolutionGuid = {C46FFE2F-3839-41FA-B2E2-1C407AEA60E6}
	EndGlobalSection
EndGlobal
